github.com/brianvoe/gofakeit/v6 v6.16.0 h1:EelCqtfArd8ppJ0z+TpOxXH8sVWNPBadPNdCDSMMw7k=
github.com/brianvoe/gofakeit/v6 v6.16.0/go.mod h1:Ow6qC71xtwm79anlwKRlWZW6zVq9D2XHE4QSSMP/rU8=
github.com/go-sql-driver/mysql v1.6.0 h1:BCTh4TKNUYmOmMUcQ3IipzF5prigylS7XXjEkfCHuOE=
github.com/go-sql-driver/mysql v1.6.0/go.mod h1:DCzpHaOWr8IXmIStZouvnhqoel9Qv2LBy8hT2VhHyBg=
